// !$*UTF8*$!
{
	archiveVersion = 1;
	classes = {
	};
	objectVersion = 77;
	objects = {

/* Begin PBXBuildFile section */
		4F7679552E18215900A9DDD0 /* WidgetKit.framework in Frameworks */ = {isa = PBXBuildFile; fileRef = 4F7679542E18215900A9DDD0 /* WidgetKit.framework */; };
		4F7679572E18215900A9DDD0 /* SwiftUI.framework in Frameworks */ = {isa = PBXBuildFile; fileRef = 4F7679562E18215900A9DDD0 /* SwiftUI.framework */; };
		4F7679662E18215E00A9DDD0 /* VibeWidgetExtensionExtension.appex in Embed Foundation Extensions */ = {isa = PBXBuildFile; fileRef = 4F7679522E18215800A9DDD0 /* VibeWidgetExtensionExtension.appex */; settings = {ATTRIBUTES = (RemoveHeadersOnCopy, ); }; };
		4FF0EFCD2E1930B5004A6768 /* SwiftUITooltip in Frameworks */ = {isa = PBXBuildFile; productRef = 4FF0EFCC2E1930B5004A6768 /* SwiftUITooltip */; };
/* End PBXBuildFile section */

/* Begin PBXContainerItemProxy section */
		4F7679642E18215E00A9DDD0 /* PBXContainerItemProxy */ = {
			isa = PBXContainerItemProxy;
			containerPortal = 4F7678C42E17D3AE00A9DDD0 /* Project object */;
			proxyType = 1;
			remoteGlobalIDString = 4F7679512E18215800A9DDD0;
			remoteInfo = VibeWidgetExtensionExtension;
		};
/* End PBXContainerItemProxy section */

/* Begin PBXCopyFilesBuildPhase section */
		4F76796B2E18215E00A9DDD0 /* Embed Foundation Extensions */ = {
			isa = PBXCopyFilesBuildPhase;
			buildActionMask = 2147483647;
			dstPath = "";
			dstSubfolderSpec = 13;
			files = (
				4F7679662E18215E00A9DDD0 /* VibeWidgetExtensionExtension.appex in Embed Foundation Extensions */,
			);
			name = "Embed Foundation Extensions";
			runOnlyForDeploymentPostprocessing = 0;
		};
/* End PBXCopyFilesBuildPhase section */

/* Begin PBXFileReference section */
		4F7678CC2E17D3AE00A9DDD0 /* Pick Your Vibe.app */ = {isa = PBXFileReference; explicitFileType = wrapper.application; includeInIndex = 0; path = "Pick Your Vibe.app"; sourceTree = BUILT_PRODUCTS_DIR; };
		4F7679522E18215800A9DDD0 /* VibeWidgetExtensionExtension.appex */ = {isa = PBXFileReference; explicitFileType = "wrapper.app-extension"; includeInIndex = 0; path = VibeWidgetExtensionExtension.appex; sourceTree = BUILT_PRODUCTS_DIR; };
		4F7679542E18215900A9DDD0 /* WidgetKit.framework */ = {isa = PBXFileReference; lastKnownFileType = wrapper.framework; name = WidgetKit.framework; path = System/Library/Frameworks/WidgetKit.framework; sourceTree = SDKROOT; };
		4F7679562E18215900A9DDD0 /* SwiftUI.framework */ = {isa = PBXFileReference; lastKnownFileType = wrapper.framework; name = SwiftUI.framework; path = System/Library/Frameworks/SwiftUI.framework; sourceTree = SDKROOT; };
		4F853B662E18844500A92AA1 /* VibeWidgetExtensionExtension.entitlements */ = {isa = PBXFileReference; lastKnownFileType = text.plist.entitlements; path = VibeWidgetExtensionExtension.entitlements; sourceTree = "<group>"; };
/* End PBXFileReference section */

/* Begin PBXFileSystemSynchronizedBuildFileExceptionSet section */
		4F7679672E18215E00A9DDD0 /* Exceptions for "VibeWidgetExtension" folder in "VibeWidgetExtensionExtension" target */ = {
			isa = PBXFileSystemSynchronizedBuildFileExceptionSet;
			membershipExceptions = (
				Info.plist,
			);
			target = 4F7679512E18215800A9DDD0 /* VibeWidgetExtensionExtension */;
		};
		4F76796F2E1823A600A9DDD0 /* Exceptions for "Pick Your Vibe" folder in "VibeWidgetExtensionExtension" target */ = {
			isa = PBXFileSystemSynchronizedBuildFileExceptionSet;
			membershipExceptions = (
				DataSources/VibeData.swift,
				DataSources/Vibes.swift,
				Modifiers/Modifiers.swift,
			);
			target = 4F7679512E18215800A9DDD0 /* VibeWidgetExtensionExtension */;
		};
		4F853B6F2E1888A300A92AA1 /* Exceptions for "Intents" folder in "Pick Your Vibe" target */ = {
			isa = PBXFileSystemSynchronizedBuildFileExceptionSet;
			membershipExceptions = (
				VibeIntent.swift,
			);
			target = 4F7678CB2E17D3AE00A9DDD0 /* Pick Your Vibe */;
		};
		4F853B702E1888A300A92AA1 /* Exceptions for "Managers" folder in "VibeWidgetExtensionExtension" target */ = {
			isa = PBXFileSystemSynchronizedBuildFileExceptionSet;
			membershipExceptions = (
				QueueManager.swift,
				VibeManager.swift,
			);
			target = 4F7679512E18215800A9DDD0 /* VibeWidgetExtensionExtension */;
		};
		4F853B712E1888A300A92AA1 /* Exceptions for "Intents" folder in "VibeWidgetExtensionExtension" target */ = {
			isa = PBXFileSystemSynchronizedBuildFileExceptionSet;
			membershipExceptions = (
				VibeIntent.swift,
			);
			target = 4F7679512E18215800A9DDD0 /* VibeWidgetExtensionExtension */;
		};
/* End PBXFileSystemSynchronizedBuildFileExceptionSet section */

/* Begin PBXFileSystemSynchronizedRootGroup section */
		4F7678CE2E17D3AE00A9DDD0 /* Pick Your Vibe */ = {
			isa = PBXFileSystemSynchronizedRootGroup;
			exceptions = (
				4F76796F2E1823A600A9DDD0 /* Exceptions for "Pick Your Vibe" folder in "VibeWidgetExtensionExtension" target */,
			);
			path = "Pick Your Vibe";
			sourceTree = "<group>";
		};
		4F7679582E18215900A9DDD0 /* VibeWidgetExtension */ = {
			isa = PBXFileSystemSynchronizedRootGroup;
			exceptions = (
				4F7679672E18215E00A9DDD0 /* Exceptions for "VibeWidgetExtension" folder in "VibeWidgetExtensionExtension" target */,
			);
			path = VibeWidgetExtension;
			sourceTree = "<group>";
		};
		4F853B682E1888A300A92AA1 /* Intents */ = {
			isa = PBXFileSystemSynchronizedRootGroup;
			exceptions = (
				4F853B6F2E1888A300A92AA1 /* Exceptions for "Intents" folder in "Pick Your Vibe" target */,
				4F853B712E1888A300A92AA1 /* Exceptions for "Intents" folder in "VibeWidgetExtensionExtension" target */,
			);
			path = Intents;
			sourceTree = "<group>";
		};
		4F853B6A2E1888A300A92AA1 /* Managers */ = {
			isa = PBXFileSystemSynchronizedRootGroup;
			exceptions = (
				4F853B702E1888A300A92AA1 /* Exceptions for "Managers" folder in "VibeWidgetExtensionExtension" target */,
			);
			path = Managers;
			sourceTree = "<group>";
		};
/* End PBXFileSystemSynchronizedRootGroup section */

/* Begin PBXFrameworksBuildPhase section */
		4F7678C92E17D3AE00A9DDD0 /* Frameworks */ = {
			isa = PBXFrameworksBuildPhase;
			buildActionMask = 2147483647;
			files = (
				4FF0EFCD2E1930B5004A6768 /* SwiftUITooltip in Frameworks */,
			);
			runOnlyForDeploymentPostprocessing = 0;
		};
		4F76794F2E18215800A9DDD0 /* Frameworks */ = {
			isa = PBXFrameworksBuildPhase;
			buildActionMask = 2147483647;
			files = (
				4F7679572E18215900A9DDD0 /* SwiftUI.framework in Frameworks */,
				4F7679552E18215900A9DDD0 /* WidgetKit.framework in Frameworks */,
			);
			runOnlyForDeploymentPostprocessing = 0;
		};
/* End PBXFrameworksBuildPhase section */

/* Begin PBXGroup section */
		4F7678C32E17D3AE00A9DDD0 = {
			isa = PBXGroup;
			children = (
				4F853B662E18844500A92AA1 /* VibeWidgetExtensionExtension.entitlements */,
				4F853B682E1888A300A92AA1 /* Intents */,
				4F853B6A2E1888A300A92AA1 /* Managers */,
				4F7678CE2E17D3AE00A9DDD0 /* Pick Your Vibe */,
				4F7679582E18215900A9DDD0 /* VibeWidgetExtension */,
				4F7679532E18215800A9DDD0 /* Frameworks */,
				4F7678CD2E17D3AE00A9DDD0 /* Products */,
			);
			sourceTree = "<group>";
		};
		4F7678CD2E17D3AE00A9DDD0 /* Products */ = {
			isa = PBXGroup;
			children = (
				4F7678CC2E17D3AE00A9DDD0 /* Pick Your Vibe.app */,
				4F7679522E18215800A9DDD0 /* VibeWidgetExtensionExtension.appex */,
			);
			name = Products;
			sourceTree = "<group>";
		};
		4F7679532E18215800A9DDD0 /* Frameworks */ = {
			isa = PBXGroup;
			children = (
				4F7679542E18215900A9DDD0 /* WidgetKit.framework */,
				4F7679562E18215900A9DDD0 /* SwiftUI.framework */,
			);
			name = Frameworks;
			sourceTree = "<group>";
		};
/* End PBXGroup section */

/* Begin PBXNativeTarget section */
		4F7678CB2E17D3AE00A9DDD0 /* Pick Your Vibe */ = {
			isa = PBXNativeTarget;
			buildConfigurationList = 4F7678DC2E17D3B300A9DDD0 /* Build configuration list for PBXNativeTarget "Pick Your Vibe" */;
			buildPhases = (
				4F7678C82E17D3AE00A9DDD0 /* Sources */,
				4F7678C92E17D3AE00A9DDD0 /* Frameworks */,
				4F7678CA2E17D3AE00A9DDD0 /* Resources */,
				4F76796B2E18215E00A9DDD0 /* Embed Foundation Extensions */,
			);
			buildRules = (
			);
			dependencies = (
				4F7679652E18215E00A9DDD0 /* PBXTargetDependency */,
			);
			fileSystemSynchronizedGroups = (
				4F7678CE2E17D3AE00A9DDD0 /* Pick Your Vibe */,
				4F853B6A2E1888A300A92AA1 /* Managers */,
			);
			name = "Pick Your Vibe";
			packageProductDependencies = (
				4FF0EFCC2E1930B5004A6768 /* SwiftUITooltip */,
			);
			productName = "Pick Your Vibe";
			productReference = 4F7678CC2E17D3AE00A9DDD0 /* Pick Your Vibe.app */;
			productType = "com.apple.product-type.application";
		};
		4F7679512E18215800A9DDD0 /* VibeWidgetExtensionExtension */ = {
			isa = PBXNativeTarget;
			buildConfigurationList = 4F7679682E18215E00A9DDD0 /* Build configuration list for PBXNativeTarget "VibeWidgetExtensionExtension" */;
			buildPhases = (
				4F76794E2E18215800A9DDD0 /* Sources */,
				4F76794F2E18215800A9DDD0 /* Frameworks */,
				4F7679502E18215800A9DDD0 /* Resources */,
			);
			buildRules = (
			);
			dependencies = (
			);
			fileSystemSynchronizedGroups = (
				4F7679582E18215900A9DDD0 /* VibeWidgetExtension */,
			);
			name = VibeWidgetExtensionExtension;
			packageProductDependencies = (
			);
			productName = VibeWidgetExtensionExtension;
			productReference = 4F7679522E18215800A9DDD0 /* VibeWidgetExtensionExtension.appex */;
			productType = "com.apple.product-type.app-extension";
		};
/* End PBXNativeTarget section */

/* Begin PBXProject section */
		4F7678C42E17D3AE00A9DDD0 /* Project object */ = {
			isa = PBXProject;
			attributes = {
				BuildIndependentTargetsInParallel = 1;
				LastSwiftUpdateCheck = 1640;
				LastUpgradeCheck = 1640;
				TargetAttributes = {
					4F7678CB2E17D3AE00A9DDD0 = {
						CreatedOnToolsVersion = 16.4;
					};
					4F7679512E18215800A9DDD0 = {
						CreatedOnToolsVersion = 16.4;
					};
				};
			};
			buildConfigurationList = 4F7678C72E17D3AE00A9DDD0 /* Build configuration list for PBXProject "Pick Your Vibe" */;
			developmentRegion = en;
			hasScannedForEncodings = 0;
			knownRegions = (
				en,
				Base,
			);
			mainGroup = 4F7678C32E17D3AE00A9DDD0;
			minimizedProjectReferenceProxies = 1;
			packageReferences = (
				4FF0EFCB2E1930B5004A6768 /* XCRemoteSwiftPackageReference "SwiftUI-Tooltip" */,
			);
			preferredProjectObjectVersion = 77;
			productRefGroup = 4F7678CD2E17D3AE00A9DDD0 /* Products */;
			projectDirPath = "";
			projectRoot = "";
			targets = (
				4F7678CB2E17D3AE00A9DDD0 /* Pick Your Vibe */,
				4F7679512E18215800A9DDD0 /* VibeWidgetExtensionExtension */,
			);
		};
/* End PBXProject section */

/* Begin PBXResourcesBuildPhase section */
		4F7678CA2E17D3AE00A9DDD0 /* Resources */ = {
			isa = PBXResourcesBuildPhase;
			buildActionMask = 2147483647;
			files = (
			);
			runOnlyForDeploymentPostprocessing = 0;
		};
		4F7679502E18215800A9DDD0 /* Resources */ = {
			isa = PBXResourcesBuildPhase;
			buildActionMask = 2147483647;
			files = (
			);
			runOnlyForDeploymentPostprocessing = 0;
		};
/* End PBXResourcesBuildPhase section */

/* Begin PBXSourcesBuildPhase section */
		4F7678C82E17D3AE00A9DDD0 /* Sources */ = {
			isa = PBXSourcesBuildPhase;
			buildActionMask = 2147483647;
			files = (
			);
			runOnlyForDeploymentPostprocessing = 0;
		};
		4F76794E2E18215800A9DDD0 /* Sources */ = {
			isa = PBXSourcesBuildPhase;
			buildActionMask = 2147483647;
			files = (
			);
			runOnlyForDeploymentPostprocessing = 0;
		};
/* End PBXSourcesBuildPhase section */

/* Begin PBXTargetDependency section */
		4F7679652E18215E00A9DDD0 /* PBXTargetDependency */ = {
			isa = PBXTargetDependency;
			target = 4F7679512E18215800A9DDD0 /* VibeWidgetExtensionExtension */;
			targetProxy = 4F7679642E18215E00A9DDD0 /* PBXContainerItemProxy */;
		};
/* End PBXTargetDependency section */

/* Begin XCBuildConfiguration section */
		4F7678DA2E17D3B300A9DDD0 /* Debug */ = {
			isa = XCBuildConfiguration;
			buildSettings = {
				ALWAYS_SEARCH_USER_PATHS = NO;
				ASSETCATALOG_COMPILER_GENERATE_SWIFT_ASSET_SYMBOL_EXTENSIONS = YES;
				CLANG_ANALYZER_NONNULL = YES;
				CLANG_ANALYZER_NUMBER_OBJECT_CONVERSION = YES_AGGRESSIVE;
				CLANG_CXX_LANGUAGE_STANDARD = "gnu++20";
				CLANG_ENABLE_MODULES = YES;
				CLANG_ENABLE_OBJC_ARC = YES;
				CLANG_ENABLE_OBJC_WEAK = YES;
				CLANG_WARN_BLOCK_CAPTURE_AUTORELEASING = YES;
				CLANG_WARN_BOOL_CONVERSION = YES;
				CLANG_WARN_COMMA = YES;
				CLANG_WARN_CONSTANT_CONVERSION = YES;
				CLANG_WARN_DEPRECATED_OBJC_IMPLEMENTATIONS = YES;
				CLANG_WARN_DIRECT_OBJC_ISA_USAGE = YES_ERROR;
				CLANG_WARN_DOCUMENTATION_COMMENTS = YES;
				CLANG_WARN_EMPTY_BODY = YES;
				CLANG_WARN_ENUM_CONVERSION = YES;
				CLANG_WARN_INFINITE_RECURSION = YES;
				CLANG_WARN_INT_CONVERSION = YES;
				CLANG_WARN_NON_LITERAL_NULL_CONVERSION = YES;
				CLANG_WARN_OBJC_IMPLICIT_RETAIN_SELF = YES;
				CLANG_WARN_OBJC_LITERAL_CONVERSION = YES;
				CLANG_WARN_OBJC_ROOT_CLASS = YES_ERROR;
				CLANG_WARN_QUOTED_INCLUDE_IN_FRAMEWORK_HEADER = YES;
				CLANG_WARN_RANGE_LOOP_ANALYSIS = YES;
				CLANG_WARN_STRICT_PROTOTYPES = YES;
				CLANG_WARN_SUSPICIOUS_MOVE = YES;
				CLANG_WARN_UNGUARDED_AVAILABILITY = YES_AGGRESSIVE;
				CLANG_WARN_UNREACHABLE_CODE = YES;
				CLANG_WARN__DUPLICATE_METHOD_MATCH = YES;
				COPY_PHASE_STRIP = NO;
				DEBUG_INFORMATION_FORMAT = dwarf;
				DEVELOPMENT_TEAM = D6DN86P8S8;
				ENABLE_STRICT_OBJC_MSGSEND = YES;
				ENABLE_TESTABILITY = YES;
				ENABLE_USER_SCRIPT_SANDBOXING = YES;
				GCC_C_LANGUAGE_STANDARD = gnu17;
				GCC_DYNAMIC_NO_PIC = NO;
				GCC_NO_COMMON_BLOCKS = YES;
				GCC_OPTIMIZATION_LEVEL = 0;
				GCC_PREPROCESSOR_DEFINITIONS = (
					"DEBUG=1",
					"$(inherited)",
				);
				GCC_WARN_64_TO_32_BIT_CONVERSION = YES;
				GCC_WARN_ABOUT_RETURN_TYPE = YES_ERROR;
				GCC_WARN_UNDECLARED_SELECTOR = YES;
				GCC_WARN_UNINITIALIZED_AUTOS = YES_AGGRESSIVE;
				GCC_WARN_UNUSED_FUNCTION = YES;
				GCC_WARN_UNUSED_VARIABLE = YES;
				IPHONEOS_DEPLOYMENT_TARGET = 18.5;
				LOCALIZATION_PREFERS_STRING_CATALOGS = YES;
				MTL_ENABLE_DEBUG_INFO = INCLUDE_SOURCE;
				MTL_FAST_MATH = YES;
				ONLY_ACTIVE_ARCH = YES;
				SDKROOT = iphoneos;
				SWIFT_ACTIVE_COMPILATION_CONDITIONS = "DEBUG $(inherited)";
				SWIFT_OPTIMIZATION_LEVEL = "-Onone";
			};
			name = Debug;
		};
		4F7678DB2E17D3B300A9DDD0 /* Release */ = {
			isa = XCBuildConfiguration;
			buildSettings = {
				ALWAYS_SEARCH_USER_PATHS = NO;
				ASSETCATALOG_COMPILER_GENERATE_SWIFT_ASSET_SYMBOL_EXTENSIONS = YES;
				CLANG_ANALYZER_NONNULL = YES;
				CLANG_ANALYZER_NUMBER_OBJECT_CONVERSION = YES_AGGRESSIVE;
				CLANG_CXX_LANGUAGE_STANDARD = "gnu++20";
				CLANG_ENABLE_MODULES = YES;
				CLANG_ENABLE_OBJC_ARC = YES;
				CLANG_ENABLE_OBJC_WEAK = YES;
				CLANG_WARN_BLOCK_CAPTURE_AUTORELEASING = YES;
				CLANG_WARN_BOOL_CONVERSION = YES;
				CLANG_WARN_COMMA = YES;
				CLANG_WARN_CONSTANT_CONVERSION = YES;
				CLANG_WARN_DEPRECATED_OBJC_IMPLEMENTATIONS = YES;
				CLANG_WARN_DIRECT_OBJC_ISA_USAGE = YES_ERROR;
				CLANG_WARN_DOCUMENTATION_COMMENTS = YES;
				CLANG_WARN_EMPTY_BODY = YES;
				CLANG_WARN_ENUM_CONVERSION = YES;
				CLANG_WARN_INFINITE_RECURSION = YES;
				CLANG_WARN_INT_CONVERSION = YES;
				CLANG_WARN_NON_LITERAL_NULL_CONVERSION = YES;
				CLANG_WARN_OBJC_IMPLICIT_RETAIN_SELF = YES;
				CLANG_WARN_OBJC_LITERAL_CONVERSION = YES;
				CLANG_WARN_OBJC_ROOT_CLASS = YES_ERROR;
				CLANG_WARN_QUOTED_INCLUDE_IN_FRAMEWORK_HEADER = YES;
				CLANG_WARN_RANGE_LOOP_ANALYSIS = YES;
				CLANG_WARN_STRICT_PROTOTYPES = YES;
				CLANG_WARN_SUSPICIOUS_MOVE = YES;
				CLANG_WARN_UNGUARDED_AVAILABILITY = YES_AGGRESSIVE;
				CLANG_WARN_UNREACHABLE_CODE = YES;
				CLANG_WARN__DUPLICATE_METHOD_MATCH = YES;
				COPY_PHASE_STRIP = NO;
				DEBUG_INFORMATION_FORMAT = "dwarf-with-dsym";
				DEVELOPMENT_TEAM = D6DN86P8S8;
				ENABLE_NS_ASSERTIONS = NO;
				ENABLE_STRICT_OBJC_MSGSEND = YES;
				ENABLE_USER_SCRIPT_SANDBOXING = YES;
				GCC_C_LANGUAGE_STANDARD = gnu17;
				GCC_NO_COMMON_BLOCKS = YES;
				GCC_WARN_64_TO_32_BIT_CONVERSION = YES;
				GCC_WARN_ABOUT_RETURN_TYPE = YES_ERROR;
				GCC_WARN_UNDECLARED_SELECTOR = YES;
				GCC_WARN_UNINITIALIZED_AUTOS = YES_AGGRESSIVE;
				GCC_WARN_UNUSED_FUNCTION = YES;
				GCC_WARN_UNUSED_VARIABLE = YES;
				IPHONEOS_DEPLOYMENT_TARGET = 18.5;
				LOCALIZATION_PREFERS_STRING_CATALOGS = YES;
				MTL_ENABLE_DEBUG_INFO = NO;
				MTL_FAST_MATH = YES;
				SDKROOT = iphoneos;
				SWIFT_COMPILATION_MODE = wholemodule;
				VALIDATE_PRODUCT = YES;
			};
			name = Release;
		};
		4F7678DD2E17D3B300A9DDD0 /* Debug */ = {
			isa = XCBuildConfiguration;
			buildSettings = {
				ASSETCATALOG_COMPILER_APPICON_NAME = AppIcon;
				ASSETCATALOG_COMPILER_GLOBAL_ACCENT_COLOR_NAME = AccentColor;
				CODE_SIGN_ENTITLEMENTS = "Pick Your Vibe/Pick Your Vibe.entitlements";
				CODE_SIGN_STYLE = Automatic;
				CURRENT_PROJECT_VERSION = 1;
				DEVELOPMENT_TEAM = D6DN86P8S8;
				ENABLE_PREVIEWS = YES;
				GENERATE_INFOPLIST_FILE = YES;
				INFOPLIST_KEY_UIApplicationSceneManifest_Generation = YES;
				INFOPLIST_KEY_UIApplicationSupportsIndirectInputEvents = YES;
				INFOPLIST_KEY_UILaunchScreen_Generation = YES;
				INFOPLIST_KEY_UISupportedInterfaceOrientations_iPad = "UIInterfaceOrientationPortrait UIInterfaceOrientationPortraitUpsideDown UIInterfaceOrientationLandscapeLeft UIInterfaceOrientationLandscapeRight";
				INFOPLIST_KEY_UISupportedInterfaceOrientations_iPhone = "UIInterfaceOrientationPortrait UIInterfaceOrientationLandscapeLeft UIInterfaceOrientationLandscapeRight";
				LD_RUNPATH_SEARCH_PATHS = (
					"$(inherited)",
					"@executable_path/Frameworks",
				);
				MARKETING_VERSION = 1.0;
				PRODUCT_BUNDLE_IDENTIFIER = "Barak.ben.hur.Pick-Your-Vibe";
				PRODUCT_NAME = "$(TARGET_NAME)";
				SWIFT_EMIT_LOC_STRINGS = YES;
				SWIFT_VERSION = 5.0;
				TARGETED_DEVICE_FAMILY = "1,2";
			};
			name = Debug;
		};
		4F7678DE2E17D3B300A9DDD0 /* Release */ = {
			isa = XCBuildConfiguration;
			buildSettings = {
				ASSETCATALOG_COMPILER_APPICON_NAME = AppIcon;
				ASSETCATALOG_COMPILER_GLOBAL_ACCENT_COLOR_NAME = AccentColor;
				CODE_SIGN_ENTITLEMENTS = "Pick Your Vibe/Pick Your Vibe.entitlements";
				CODE_SIGN_STYLE = Automatic;
				CURRENT_PROJECT_VERSION = 1;
				DEVELOPMENT_TEAM = D6DN86P8S8;
				ENABLE_PREVIEWS = YES;
				GENERATE_INFOPLIST_FILE = YES;
				INFOPLIST_KEY_UIApplicationSceneManifest_Generation = YES;
				INFOPLIST_KEY_UIApplicationSupportsIndirectInputEvents = YES;
				INFOPLIST_KEY_UILaunchScreen_Generation = YES;
				INFOPLIST_KEY_UISupportedInterfaceOrientations_iPad = "UIInterfaceOrientationPortrait UIInterfaceOrientationPortraitUpsideDown UIInterfaceOrientationLandscapeLeft UIInterfaceOrientationLandscapeRight";
				INFOPLIST_KEY_UISupportedInterfaceOrientations_iPhone = "UIInterfaceOrientationPortrait UIInterfaceOrientationLandscapeLeft UIInterfaceOrientationLandscapeRight";
				LD_RUNPATH_SEARCH_PATHS = (
					"$(inherited)",
					"@executable_path/Frameworks",
				);
				MARKETING_VERSION = 1.0;
				PRODUCT_BUNDLE_IDENTIFIER = "Barak.ben.hur.Pick-Your-Vibe";
				PRODUCT_NAME = "$(TARGET_NAME)";
				SWIFT_EMIT_LOC_STRINGS = YES;
				SWIFT_VERSION = 5.0;
				TARGETED_DEVICE_FAMILY = "1,2";
			};
			name = Release;
		};
		4F7679692E18215E00A9DDD0 /* Debug */ = {
			isa = XCBuildConfiguration;
			buildSettings = {
				ASSETCATALOG_COMPILER_GLOBAL_ACCENT_COLOR_NAME = AccentColor;
				ASSETCATALOG_COMPILER_WIDGET_BACKGROUND_COLOR_NAME = WidgetBackground;
				CODE_SIGN_ENTITLEMENTS = VibeWidgetExtensionExtension.entitlements;
				CODE_SIGN_STYLE = Automatic;
				CURRENT_PROJECT_VERSION = 1;
				DEVELOPMENT_TEAM = D6DN86P8S8;
				GENERATE_INFOPLIST_FILE = YES;
				INFOPLIST_FILE = VibeWidgetExtension/Info.plist;
				INFOPLIST_KEY_CFBundleDisplayName = VibeWidgetExtension;
				INFOPLIST_KEY_NSHumanReadableCopyright = "";
				LD_RUNPATH_SEARCH_PATHS = (
					"$(inherited)",
					"@executable_path/Frameworks",
					"@executable_path/../../Frameworks",
				);
				MARKETING_VERSION = 1.0;
				PRODUCT_BUNDLE_IDENTIFIER = "Barak.ben.hur.Pick-Your-Vibe.VibeWidgetExtension";
				PRODUCT_NAME = "$(TARGET_NAME)";
				SKIP_INSTALL = YES;
				SWIFT_EMIT_LOC_STRINGS = YES;
				SWIFT_VERSION = 5.0;
				TARGETED_DEVICE_FAMILY = "1,2";
			};
			name = Debug;
		};
		4F76796A2E18215E00A9DDD0 /* Release */ = {
			isa = XCBuildConfiguration;
			buildSettings = {
				ASSETCATALOG_COMPILER_GLOBAL_ACCENT_COLOR_NAME = AccentColor;
				ASSETCATALOG_COMPILER_WIDGET_BACKGROUND_COLOR_NAME = WidgetBackground;
				CODE_SIGN_ENTITLEMENTS = VibeWidgetExtensionExtension.entitlements;
				CODE_SIGN_STYLE = Automatic;
				CURRENT_PROJECT_VERSION = 1;
				DEVELOPMENT_TEAM = D6DN86P8S8;
				GENERATE_INFOPLIST_FILE = YES;
				INFOPLIST_FILE = VibeWidgetExtension/Info.plist;
				INFOPLIST_KEY_CFBundleDisplayName = VibeWidgetExtension;
				INFOPLIST_KEY_NSHumanReadableCopyright = "";
				LD_RUNPATH_SEARCH_PATHS = (
					"$(inherited)",
					"@executable_path/Frameworks",
					"@executable_path/../../Frameworks",
				);
				MARKETING_VERSION = 1.0;
				PRODUCT_BUNDLE_IDENTIFIER = "Barak.ben.hur.Pick-Your-Vibe.VibeWidgetExtension";
				PRODUCT_NAME = "$(TARGET_NAME)";
				SKIP_INSTALL = YES;
				SWIFT_EMIT_LOC_STRINGS = YES;
				SWIFT_VERSION = 5.0;
				TARGETED_DEVICE_FAMILY = "1,2";
			};
			name = Release;
		};
/* End XCBuildConfiguration section */

/* Begin XCConfigurationList section */
		4F7678C72E17D3AE00A9DDD0 /* Build configuration list for PBXProject "Pick Your Vibe" */ = {
			isa = XCConfigurationList;
			buildConfigurations = (
				4F7678DA2E17D3B300A9DDD0 /* Debug */,
				4F7678DB2E17D3B300A9DDD0 /* Release */,
			);
			defaultConfigurationIsVisible = 0;
			defaultConfigurationName = Release;
		};
		4F7678DC2E17D3B300A9DDD0 /* Build configuration list for PBXNativeTarget "Pick Your Vibe" */ = {
			isa = XCConfigurationList;
			buildConfigurations = (
				4F7678DD2E17D3B300A9DDD0 /* Debug */,
				4F7678DE2E17D3B300A9DDD0 /* Release */,
			);
			defaultConfigurationIsVisible = 0;
			defaultConfigurationName = Release;
		};
		4F7679682E18215E00A9DDD0 /* Build configuration list for PBXNativeTarget "VibeWidgetExtensionExtension" */ = {
			isa = XCConfigurationList;
			buildConfigurations = (
				4F7679692E18215E00A9DDD0 /* Debug */,
				4F76796A2E18215E00A9DDD0 /* Release */,
			);
			defaultConfigurationIsVisible = 0;
			defaultConfigurationName = Release;
		};
/* End XCConfigurationList section */

/* Begin XCRemoteSwiftPackageReference section */
		4FF0EFCB2E1930B5004A6768 /* XCRemoteSwiftPackageReference "SwiftUI-Tooltip" */ = {
			isa = XCRemoteSwiftPackageReference;
			repositoryURL = "https://github.com/quassum/SwiftUI-Tooltip.git";
			requirement = {
				kind = upToNextMajorVersion;
				minimumVersion = 1.0.2;
			};
		};
/* End XCRemoteSwiftPackageReference section */

/* Begin XCSwiftPackageProductDependency section */
		4FF0EFCC2E1930B5004A6768 /* SwiftUITooltip */ = {
			isa = XCSwiftPackageProductDependency;
			package = 4FF0EFCB2E1930B5004A6768 /* XCRemoteSwiftPackageReference "SwiftUI-Tooltip" */;
			productName = SwiftUITooltip;
		};
/* End XCSwiftPackageProductDependency section */
	};
	rootObject = 4F7678C42E17D3AE00A9DDD0 /* Project object */;
}
